// !$*UTF8*$!
{
	archiveVersion = 1;
	classes = {
	};
	objectVersion = 56;
	objects = {

/* Begin PBXBuildFile section */
		9AC80C332A18124B00084BCE /* homecloudApp.swift in Sources */ = {isa = PBXBuildFile; fileRef = 9AC80C322A18124B00084BCE /* homecloudApp.swift */; };
		9AC80C352A18124B00084BCE /* ContentView.swift in Sources */ = {isa = PBXBuildFile; fileRef = 9AC80C342A18124B00084BCE /* ContentView.swift */; };
		9AC80C372A18124C00084BCE /* Assets.xcassets in Resources */ = {isa = PBXBuildFile; fileRef = 9AC80C362A18124C00084BCE /* Assets.xcassets */; };
		9AC80C3A2A18124C00084BCE /* Preview Assets.xcassets in Resources */ = {isa = PBXBuildFile; fileRef = 9AC80C392A18124C00084BCE /* Preview Assets.xcassets */; };
		9AE7491B2A4615CB00211B5E /* Libx.xcframework in Frameworks */ = {isa = PBXBuildFile; fileRef = 9AE7491A2A4615CB00211B5E /* Libx.xcframework */; };
		9AE7491F2A46212F00211B5E /* SwiftUIWebView.swift in Sources */ = {isa = PBXBuildFile; fileRef = 9AE7491E2A46212F00211B5E /* SwiftUIWebView.swift */; };
		9AE749232A46C04600211B5E /* dist in Resources */ = {isa = PBXBuildFile; fileRef = 9AE749222A46C04600211B5E /* dist */; };
		9AE749252A46F77C00211B5E /* WebViewManager.swift in Sources */ = {isa = PBXBuildFile; fileRef = 9AE749242A46F77C00211B5E /* WebViewManager.swift */; };
		9AE749282A46FA2700211B5E /* SchemeHandlers.swift in Sources */ = {isa = PBXBuildFile; fileRef = 9AE749272A46FA2700211B5E /* SchemeHandlers.swift */; };
/* End PBXBuildFile section */

/* Begin PBXFileReference section */
		9A6D8BD92A55D42A005747E7 /* Info.plist */ = {isa = PBXFileReference; lastKnownFileType = text.plist; path = Info.plist; sourceTree = "<group>"; };
		9AC80C2F2A18124B00084BCE /* homecloud.app */ = {isa = PBXFileReference; explicitFileType = wrapper.application; includeInIndex = 0; path = homecloud.app; sourceTree = BUILT_PRODUCTS_DIR; };
		9AC80C322A18124B00084BCE /* homecloudApp.swift */ = {isa = PBXFileReference; lastKnownFileType = sourcecode.swift; path = homecloudApp.swift; sourceTree = "<group>"; };
		9AC80C342A18124B00084BCE /* ContentView.swift */ = {isa = PBXFileReference; lastKnownFileType = sourcecode.swift; path = ContentView.swift; sourceTree = "<group>"; };
		9AC80C362A18124C00084BCE /* Assets.xcassets */ = {isa = PBXFileReference; lastKnownFileType = folder.assetcatalog; path = Assets.xcassets; sourceTree = "<group>"; };
		9AC80C392A18124C00084BCE /* Preview Assets.xcassets */ = {isa = PBXFileReference; lastKnownFileType = folder.assetcatalog; path = "Preview Assets.xcassets"; sourceTree = "<group>"; };
		9AE7491A2A4615CB00211B5E /* Libx.xcframework */ = {isa = PBXFileReference; lastKnownFileType = wrapper.xcframework; path = Libx.xcframework; sourceTree = "<group>"; };
		9AE7491E2A46212F00211B5E /* SwiftUIWebView.swift */ = {isa = PBXFileReference; fileEncoding = 4; lastKnownFileType = sourcecode.swift; path = SwiftUIWebView.swift; sourceTree = "<group>"; };
		9AE749222A46C04600211B5E /* dist */ = {isa = PBXFileReference; lastKnownFileType = folder; name = dist; path = ../ui/dist; sourceTree = "<group>"; };
		9AE749242A46F77C00211B5E /* WebViewManager.swift */ = {isa = PBXFileReference; lastKnownFileType = sourcecode.swift; path = WebViewManager.swift; sourceTree = "<group>"; };
		9AE749272A46FA2700211B5E /* SchemeHandlers.swift */ = {isa = PBXFileReference; lastKnownFileType = sourcecode.swift; path = SchemeHandlers.swift; sourceTree = "<group>"; };
/* End PBXFileReference section */

/* Begin PBXFrameworksBuildPhase section */
		9AC80C2C2A18124B00084BCE /* Frameworks */ = {
			isa = PBXFrameworksBuildPhase;
			buildActionMask = 2147483647;
			files = (
				9AE7491B2A4615CB00211B5E /* Libx.xcframework in Frameworks */,
			);
			runOnlyForDeploymentPostprocessing = 0;
		};
/* End PBXFrameworksBuildPhase section */

/* Begin PBXGroup section */
		9AC80C262A18124B00084BCE = {
			isa = PBXGroup;
			children = (
				9AE749222A46C04600211B5E /* dist */,
				9AE7491A2A4615CB00211B5E /* Libx.xcframework */,
				9AC80C312A18124B00084BCE /* homecloud */,
				9AC80C302A18124B00084BCE /* Products */,
			);
			sourceTree = "<group>";
		};
		9AC80C302A18124B00084BCE /* Products */ = {
			isa = PBXGroup;
			children = (
				9AC80C2F2A18124B00084BCE /* homecloud.app */,
			);
			name = Products;
			sourceTree = "<group>";
		};
		9AC80C312A18124B00084BCE /* homecloud */ = {
			isa = PBXGroup;
			children = (
				9A6D8BD92A55D42A005747E7 /* Info.plist */,
				9AE749262A46F90000211B5E /* webview */,
				9AC80C322A18124B00084BCE /* homecloudApp.swift */,
				9AC80C342A18124B00084BCE /* ContentView.swift */,
				9AC80C362A18124C00084BCE /* Assets.xcassets */,
				9AC80C382A18124C00084BCE /* Preview Content */,
			);
			path = homecloud;
			sourceTree = "<group>";
		};
		9AC80C382A18124C00084BCE /* Preview Content */ = {
			isa = PBXGroup;
			children = (
				9AC80C392A18124C00084BCE /* Preview Assets.xcassets */,
			);
			path = "Preview Content";
			sourceTree = "<group>";
		};
		9AE749262A46F90000211B5E /* webview */ = {
			isa = PBXGroup;
			children = (
				9AE749242A46F77C00211B5E /* WebViewManager.swift */,
				9AE7491E2A46212F00211B5E /* SwiftUIWebView.swift */,
				9AE749272A46FA2700211B5E /* SchemeHandlers.swift */,
			);
			path = webview;
			sourceTree = "<group>";
		};
/* End PBXGroup section */

/* Begin PBXNativeTarget section */
		9AC80C2E2A18124B00084BCE /* homecloud */ = {
			isa = PBXNativeTarget;
			buildConfigurationList = 9AC80C3D2A18124C00084BCE /* Build configuration list for PBXNativeTarget "homecloud" */;
			buildPhases = (
				9AC80C2B2A18124B00084BCE /* Sources */,
				9AC80C2C2A18124B00084BCE /* Frameworks */,
				9AC80C2D2A18124B00084BCE /* Resources */,
			);
			buildRules = (
			);
			dependencies = (
			);
			name = homecloud;
			productName = musicroom;
			productReference = 9AC80C2F2A18124B00084BCE /* homecloud.app */;
			productType = "com.apple.product-type.application";
		};
/* End PBXNativeTarget section */

/* Begin PBXProject section */
		9AC80C272A18124B00084BCE /* Project object */ = {
			isa = PBXProject;
			attributes = {
				BuildIndependentTargetsInParallel = 1;
				LastSwiftUpdateCheck = 1420;
				LastUpgradeCheck = 1420;
				TargetAttributes = {
					9AC80C2E2A18124B00084BCE = {
						CreatedOnToolsVersion = 14.2;
					};
				};
			};
			buildConfigurationList = 9AC80C2A2A18124B00084BCE /* Build configuration list for PBXProject "homecloud" */;
			compatibilityVersion = "Xcode 14.0";
			developmentRegion = en;
			hasScannedForEncodings = 0;
			knownRegions = (
				en,
				Base,
			);
			mainGroup = 9AC80C262A18124B00084BCE;
			productRefGroup = 9AC80C302A18124B00084BCE /* Products */;
			projectDirPath = "";
			projectRoot = "";
			targets = (
				9AC80C2E2A18124B00084BCE /* homecloud */,
			);
		};
/* End PBXProject section */

/* Begin PBXResourcesBuildPhase section */
		9AC80C2D2A18124B00084BCE /* Resources */ = {
			isa = PBXResourcesBuildPhase;
			buildActionMask = 2147483647;
			files = (
				9AE749232A46C04600211B5E /* dist in Resources */,
				9AC80C3A2A18124C00084BCE /* Preview Assets.xcassets in Resources */,
				9AC80C372A18124C00084BCE /* Assets.xcassets in Resources */,
			);
			runOnlyForDeploymentPostprocessing = 0;
		};
/* End PBXResourcesBuildPhase section */

/* Begin PBXSourcesBuildPhase section */
		9AC80C2B2A18124B00084BCE /* Sources */ = {
			isa = PBXSourcesBuildPhase;
			buildActionMask = 2147483647;
			files = (
				9AE7491F2A46212F00211B5E /* SwiftUIWebView.swift in Sources */,
				9AE749282A46FA2700211B5E /* SchemeHandlers.swift in Sources */,
				9AC80C352A18124B00084BCE /* ContentView.swift in Sources */,
				9AC80C332A18124B00084BCE /* homecloudApp.swift in Sources */,
				9AE749252A46F77C00211B5E /* WebViewManager.swift in Sources */,
			);
			runOnlyForDeploymentPostprocessing = 0;
		};
/* End PBXSourcesBuildPhase section */

/* Begin XCBuildConfiguration section */
		9AC80C3B2A18124C00084BCE /* Debug */ = {
			isa = XCBuildConfiguration;
			buildSettings = {
				ALWAYS_SEARCH_USER_PATHS = NO;
				CLANG_ANALYZER_NONNULL = YES;
				CLANG_ANALYZER_NUMBER_OBJECT_CONVERSION = YES_AGGRESSIVE;
				CLANG_CXX_LANGUAGE_STANDARD = "gnu++20";
				CLANG_ENABLE_MODULES = YES;
				CLANG_ENABLE_OBJC_ARC = YES;
				CLANG_ENABLE_OBJC_WEAK = YES;
				CLANG_WARN_BLOCK_CAPTURE_AUTORELEASING = YES;
				CLANG_WARN_BOOL_CONVERSION = YES;
				CLANG_WARN_COMMA = YES;
				CLANG_WARN_CONSTANT_CONVERSION = YES;
				CLANG_WARN_DEPRECATED_OBJC_IMPLEMENTATIONS = YES;
				CLANG_WARN_DIRECT_OBJC_ISA_USAGE = YES_ERROR;
				CLANG_WARN_DOCUMENTATION_COMMENTS = YES;
				CLANG_WARN_EMPTY_BODY = YES;
				CLANG_WARN_ENUM_CONVERSION = YES;
				CLANG_WARN_INFINITE_RECURSION = YES;
				CLANG_WARN_INT_CONVERSION = YES;
				CLANG_WARN_NON_LITERAL_NULL_CONVERSION = YES;
				CLANG_WARN_OBJC_IMPLICIT_RETAIN_SELF = YES;
				CLANG_WARN_OBJC_LITERAL_CONVERSION = YES;
				CLANG_WARN_OBJC_ROOT_CLASS = YES_ERROR;
				CLANG_WARN_QUOTED_INCLUDE_IN_FRAMEWORK_HEADER = YES;
				CLANG_WARN_RANGE_LOOP_ANALYSIS = YES;
				CLANG_WARN_STRICT_PROTOTYPES = YES;
				CLANG_WARN_SUSPICIOUS_MOVE = YES;
				CLANG_WARN_UNGUARDED_AVAILABILITY = YES_AGGRESSIVE;
				CLANG_WARN_UNREACHABLE_CODE = YES;
				CLANG_WARN__DUPLICATE_METHOD_MATCH = YES;
				COPY_PHASE_STRIP = NO;
				DEBUG_INFORMATION_FORMAT = dwarf;
				ENABLE_STRICT_OBJC_MSGSEND = YES;
				ENABLE_TESTABILITY = YES;
				GCC_C_LANGUAGE_STANDARD = gnu11;
				GCC_DYNAMIC_NO_PIC = NO;
				GCC_NO_COMMON_BLOCKS = YES;
				GCC_OPTIMIZATION_LEVEL = 0;
				GCC_PREPROCESSOR_DEFINITIONS = (
					"DEBUG=1",
					"$(inherited)",
				);
				GCC_WARN_64_TO_32_BIT_CONVERSION = YES;
				GCC_WARN_ABOUT_RETURN_TYPE = YES_ERROR;
				GCC_WARN_UNDECLARED_SELECTOR = YES;
				GCC_WARN_UNINITIALIZED_AUTOS = YES_AGGRESSIVE;
				GCC_WARN_UNUSED_FUNCTION = YES;
				GCC_WARN_UNUSED_VARIABLE = YES;
				IPHONEOS_DEPLOYMENT_TARGET = 16.2;
				MTL_ENABLE_DEBUG_INFO = INCLUDE_SOURCE;
				MTL_FAST_MATH = YES;
				ONLY_ACTIVE_ARCH = YES;
				SDKROOT = iphoneos;
				SWIFT_ACTIVE_COMPILATION_CONDITIONS = DEBUG;
				SWIFT_OPTIMIZATION_LEVEL = "-Onone";
			};
			name = Debug;
		};
		9AC80C3C2A18124C00084BCE /* Release */ = {
			isa = XCBuildConfiguration;
			buildSettings = {
				ALWAYS_SEARCH_USER_PATHS = NO;
				CLANG_ANALYZER_NONNULL = YES;
				CLANG_ANALYZER_NUMBER_OBJECT_CONVERSION = YES_AGGRESSIVE;
				CLANG_CXX_LANGUAGE_STANDARD = "gnu++20";
				CLANG_ENABLE_MODULES = YES;
				CLANG_ENABLE_OBJC_ARC = YES;
				CLANG_ENABLE_OBJC_WEAK = YES;
				CLANG_WARN_BLOCK_CAPTURE_AUTORELEASING = YES;
				CLANG_WARN_BOOL_CONVERSION = YES;
				CLANG_WARN_COMMA = YES;
				CLANG_WARN_CONSTANT_CONVERSION = YES;
				CLANG_WARN_DEPRECATED_OBJC_IMPLEMENTATIONS = YES;
				CLANG_WARN_DIRECT_OBJC_ISA_USAGE = YES_ERROR;
				CLANG_WARN_DOCUMENTATION_COMMENTS = YES;
				CLANG_WARN_EMPTY_BODY = YES;
				CLANG_WARN_ENUM_CONVERSION = YES;
				CLANG_WARN_INFINITE_RECURSION = YES;
				CLANG_WARN_INT_CONVERSION = YES;
				CLANG_WARN_NON_LITERAL_NULL_CONVERSION = YES;
				CLANG_WARN_OBJC_IMPLICIT_RETAIN_SELF = YES;
				CLANG_WARN_OBJC_LITERAL_CONVERSION = YES;
				CLANG_WARN_OBJC_ROOT_CLASS = YES_ERROR;
				CLANG_WARN_QUOTED_INCLUDE_IN_FRAMEWORK_HEADER = YES;
				CLANG_WARN_RANGE_LOOP_ANALYSIS = YES;
				CLANG_WARN_STRICT_PROTOTYPES = YES;
				CLANG_WARN_SUSPICIOUS_MOVE = YES;
				CLANG_WARN_UNGUARDED_AVAILABILITY = YES_AGGRESSIVE;
				CLANG_WARN_UNREACHABLE_CODE = YES;
				CLANG_WARN__DUPLICATE_METHOD_MATCH = YES;
				COPY_PHASE_STRIP = NO;
				DEBUG_INFORMATION_FORMAT = "dwarf-with-dsym";
				ENABLE_NS_ASSERTIONS = NO;
				ENABLE_STRICT_OBJC_MSGSEND = YES;
				GCC_C_LANGUAGE_STANDARD = gnu11;
				GCC_NO_COMMON_BLOCKS = YES;
				GCC_WARN_64_TO_32_BIT_CONVERSION = YES;
				GCC_WARN_ABOUT_RETURN_TYPE = YES_ERROR;
				GCC_WARN_UNDECLARED_SELECTOR = YES;
				GCC_WARN_UNINITIALIZED_AUTOS = YES_AGGRESSIVE;
				GCC_WARN_UNUSED_FUNCTION = YES;
				GCC_WARN_UNUSED_VARIABLE = YES;
				IPHONEOS_DEPLOYMENT_TARGET = 16.2;
				MTL_ENABLE_DEBUG_INFO = NO;
				MTL_FAST_MATH = YES;
				SDKROOT = iphoneos;
				SWIFT_COMPILATION_MODE = wholemodule;
				SWIFT_OPTIMIZATION_LEVEL = "-O";
				VALIDATE_PRODUCT = YES;
			};
			name = Release;
		};
		9AC80C3E2A18124C00084BCE /* Debug */ = {
			isa = XCBuildConfiguration;
			buildSettings = {
				ASSETCATALOG_COMPILER_APPICON_NAME = AppIcon;
				ASSETCATALOG_COMPILER_GLOBAL_ACCENT_COLOR_NAME = AccentColor;
				CODE_SIGN_STYLE = Automatic;
				CURRENT_PROJECT_VERSION = 1;
				DEVELOPMENT_ASSET_PATHS = "\"homecloud/Preview Content\"";
				DEVELOPMENT_TEAM = CD6257RJFH;
				ENABLE_PREVIEWS = YES;
				FRAMEWORK_SEARCH_PATHS = "$(PROJECT_DIR)";
				GENERATE_INFOPLIST_FILE = YES;
				INFOPLIST_FILE = homecloud/Info.plist;
				INFOPLIST_KEY_CFBundleDisplayName = "Home Cloud";
				INFOPLIST_KEY_LSApplicationCategoryType = "public.app-category.productivity";
				INFOPLIST_KEY_UIApplicationSceneManifest_Generation = YES;
				INFOPLIST_KEY_UIApplicationSupportsIndirectInputEvents = YES;
				INFOPLIST_KEY_UILaunchScreen_Generation = YES;
				INFOPLIST_KEY_UISupportedInterfaceOrientations_iPad = "UIInterfaceOrientationPortrait UIInterfaceOrientationPortraitUpsideDown UIInterfaceOrientationLandscapeLeft UIInterfaceOrientationLandscapeRight";
				INFOPLIST_KEY_UISupportedInterfaceOrientations_iPhone = "UIInterfaceOrientationPortrait UIInterfaceOrientationLandscapeLeft UIInterfaceOrientationLandscapeRight";
				LD_RUNPATH_SEARCH_PATHS = (
					"$(inherited)",
					"@executable_path/Frameworks",
				);
				MARKETING_VERSION = 1.0;
				PRODUCT_BUNDLE_IDENTIFIER = com.asrient.homecloud;
				PRODUCT_NAME = "$(TARGET_NAME)";
				SWIFT_EMIT_LOC_STRINGS = YES;
				SWIFT_VERSION = 5.0;
				TARGETED_DEVICE_FAMILY = "1,2";
			};
			name = Debug;
		};
		9AC80C3F2A18124C00084BCE /* Release */ = {
			isa = XCBuildConfiguration;
			buildSettings = {
				ASSETCATALOG_COMPILER_APPICON_NAME = AppIcon;
				ASSETCATALOG_COMPILER_GLOBAL_ACCENT_COLOR_NAME = AccentColor;
				CODE_SIGN_STYLE = Automatic;
				CURRENT_PROJECT_VERSION = 1;
				DEVELOPMENT_ASSET_PATHS = "\"homecloud/Preview Content\"";
				DEVELOPMENT_TEAM = CD6257RJFH;
				ENABLE_PREVIEWS = YES;
				FRAMEWORK_SEARCH_PATHS = "$(PROJECT_DIR)";
				GENERATE_INFOPLIST_FILE = YES;
				INFOPLIST_FILE = homecloud/Info.plist;
				INFOPLIST_KEY_CFBundleDisplayName = "Home Cloud";
				INFOPLIST_KEY_LSApplicationCategoryType = "public.app-category.productivity";
				INFOPLIST_KEY_UIApplicationSceneManifest_Generation = YES;
				INFOPLIST_KEY_UIApplicationSupportsIndirectInputEvents = YES;
				INFOPLIST_KEY_UILaunchScreen_Generation = YES;
				INFOPLIST_KEY_UISupportedInterfaceOrientations_iPad = "UIInterfaceOrientationPortrait UIInterfaceOrientationPortraitUpsideDown UIInterfaceOrientationLandscapeLeft UIInterfaceOrientationLandscapeRight";
				INFOPLIST_KEY_UISupportedInterfaceOrientations_iPhone = "UIInterfaceOrientationPortrait UIInterfaceOrientationLandscapeLeft UIInterfaceOrientationLandscapeRight";
				LD_RUNPATH_SEARCH_PATHS = (
					"$(inherited)",
					"@executable_path/Frameworks",
				);
				MARKETING_VERSION = 1.0;
				PRODUCT_BUNDLE_IDENTIFIER = com.asrient.homecloud;
				PRODUCT_NAME = "$(TARGET_NAME)";
				SWIFT_EMIT_LOC_STRINGS = YES;
				SWIFT_VERSION = 5.0;
				TARGETED_DEVICE_FAMILY = "1,2";
			};
			name = Release;
		};
/* End XCBuildConfiguration section */

/* Begin XCConfigurationList section */
		9AC80C2A2A18124B00084BCE /* Build configuration list for PBXProject "homecloud" */ = {
			isa = XCConfigurationList;
			buildConfigurations = (
				9AC80C3B2A18124C00084BCE /* Debug */,
				9AC80C3C2A18124C00084BCE /* Release */,
			);
			defaultConfigurationIsVisible = 0;
			defaultConfigurationName = Release;
		};
		9AC80C3D2A18124C00084BCE /* Build configuration list for PBXNativeTarget "homecloud" */ = {
			isa = XCConfigurationList;
			buildConfigurations = (
				9AC80C3E2A18124C00084BCE /* Debug */,
				9AC80C3F2A18124C00084BCE /* Release */,
			);
			defaultConfigurationIsVisible = 0;
			defaultConfigurationName = Release;
		};
/* End XCConfigurationList section */
	};
	rootObject = 9AC80C272A18124B00084BCE /* Project object */;
}
